// !$*UTF8*$!
{
	archiveVersion = 1;
	classes = {
	};
	objectVersion = 56;
	objects = {

/* Begin PBXBuildFile section */
		9F243D472B756C4800BC529E /* SpotifyWeb.swift in Sources */ = {isa = PBXBuildFile; fileRef = 9F243D462B756C4800BC529E /* SpotifyWeb.swift */; };
		9F26480F2B65C9FC00840A01 /* TimerCircleView.swift in Sources */ = {isa = PBXBuildFile; fileRef = 9F26480E2B65C9FC00840A01 /* TimerCircleView.swift */; };
		9F2648112B65CD0000840A01 /* Interval.swift in Sources */ = {isa = PBXBuildFile; fileRef = 9F2648102B65CD0000840A01 /* Interval.swift */; };
		9F2648132B65D44A00840A01 /* Theme.swift in Sources */ = {isa = PBXBuildFile; fileRef = 9F2648122B65D44A00840A01 /* Theme.swift */; };
		9F2648152B65D59E00840A01 /* TimerDetailView.swift in Sources */ = {isa = PBXBuildFile; fileRef = 9F2648142B65D59E00840A01 /* TimerDetailView.swift */; };
		9F2F8FF92B68290200FF23A0 /* WorkoutTimer.swift in Sources */ = {isa = PBXBuildFile; fileRef = 9F2F8FF82B68290200FF23A0 /* WorkoutTimer.swift */; };
		9F2F8FFD2B68631500FF23A0 /* NewWorkout.swift in Sources */ = {isa = PBXBuildFile; fileRef = 9F2F8FFC2B68631500FF23A0 /* NewWorkout.swift */; };
		9F2F8FFF2B686A8000FF23A0 /* IntervalRow.swift in Sources */ = {isa = PBXBuildFile; fileRef = 9F2F8FFE2B686A8000FF23A0 /* IntervalRow.swift */; };
		9F2F90012B6872A300FF23A0 /* IntervalCycleRow.swift in Sources */ = {isa = PBXBuildFile; fileRef = 9F2F90002B6872A300FF23A0 /* IntervalCycleRow.swift */; };
		9F48FE162B69619D0052A828 /* IntervalEditView.swift in Sources */ = {isa = PBXBuildFile; fileRef = 9F48FE152B69619D0052A828 /* IntervalEditView.swift */; };
		9F48FE1A2B6967210052A828 /* WorkoutBarGraphic.swift in Sources */ = {isa = PBXBuildFile; fileRef = 9F48FE192B6967210052A828 /* WorkoutBarGraphic.swift */; };
		9F48FE1C2B696F910052A828 /* TimePicker.swift in Sources */ = {isa = PBXBuildFile; fileRef = 9F48FE1B2B696F910052A828 /* TimePicker.swift */; };
		9F48FE1F2B6978210052A828 /* ColorPicker.swift in Sources */ = {isa = PBXBuildFile; fileRef = 9F48FE1E2B6978210052A828 /* ColorPicker.swift */; };
		9F48FE212B697B210052A828 /* SoundPicker.swift in Sources */ = {isa = PBXBuildFile; fileRef = 9F48FE202B697B210052A828 /* SoundPicker.swift */; };
		9F6456062B729B37000042DA /* SpotifyiOS.framework in Frameworks */ = {isa = PBXBuildFile; fileRef = 9F6456052B729B37000042DA /* SpotifyiOS.framework */; };
		9F64560D2B72A1FE000042DA /* SpotifySDK.swift in Sources */ = {isa = PBXBuildFile; fileRef = 9F64560C2B72A1FE000042DA /* SpotifySDK.swift */; };
		9F64560F2B72AD5D000042DA /* SpotifyPlaybackView.swift in Sources */ = {isa = PBXBuildFile; fileRef = 9F64560E2B72AD5D000042DA /* SpotifyPlaybackView.swift */; };
		9F66B1B32B6D647900A066F3 /* AVExtensions.swift in Sources */ = {isa = PBXBuildFile; fileRef = 9F66B1B22B6D647900A066F3 /* AVExtensions.swift */; };
		9F66B1B52B6D655D00A066F3 /* Sound.swift in Sources */ = {isa = PBXBuildFile; fileRef = 9F66B1B42B6D655D00A066F3 /* Sound.swift */; };
		9FB318C62B7AD8C3002371D1 /* Track.swift in Sources */ = {isa = PBXBuildFile; fileRef = 9FB318C52B7AD8C3002371D1 /* Track.swift */; };
		9FBB0E7B2B61A60B00E3290C /* Interval_TimerApp.swift in Sources */ = {isa = PBXBuildFile; fileRef = 9FBB0E7A2B61A60B00E3290C /* Interval_TimerApp.swift */; };
		9FBB0E7D2B61A60B00E3290C /* ContentView.swift in Sources */ = {isa = PBXBuildFile; fileRef = 9FBB0E7C2B61A60B00E3290C /* ContentView.swift */; };
		9FBB0E7F2B61A60F00E3290C /* Assets.xcassets in Resources */ = {isa = PBXBuildFile; fileRef = 9FBB0E7E2B61A60F00E3290C /* Assets.xcassets */; };
		9FBB0E822B61A60F00E3290C /* Preview Assets.xcassets in Resources */ = {isa = PBXBuildFile; fileRef = 9FBB0E812B61A60F00E3290C /* Preview Assets.xcassets */; };
		9FBB0E8C2B61A97000E3290C /* workouts.json in Resources */ = {isa = PBXBuildFile; fileRef = 9FBB0E8B2B61A97000E3290C /* workouts.json */; };
		9FBB0E8E2B61A99700E3290C /* Workout.swift in Sources */ = {isa = PBXBuildFile; fileRef = 9FBB0E8D2B61A99700E3290C /* Workout.swift */; };
		9FBB0E902B61A9A400E3290C /* ModelData.swift in Sources */ = {isa = PBXBuildFile; fileRef = 9FBB0E8F2B61A9A400E3290C /* ModelData.swift */; };
		9FBB0E922B61ABE300E3290C /* WorkoutList.swift in Sources */ = {isa = PBXBuildFile; fileRef = 9FBB0E912B61ABE300E3290C /* WorkoutList.swift */; };
		9FBB0E9A2B61B1E900E3290C /* WorkoutRow.swift in Sources */ = {isa = PBXBuildFile; fileRef = 9FBB0E992B61B1E900E3290C /* WorkoutRow.swift */; };
		9FBB0E9D2B61B71000E3290C /* WorkoutDetail.swift in Sources */ = {isa = PBXBuildFile; fileRef = 9FBB0E9C2B61B71000E3290C /* WorkoutDetail.swift */; };
		9FF43B9F2B7580A300E25319 /* SpotifyAPI in Frameworks */ = {isa = PBXBuildFile; productRef = 9FF43B9E2B7580A300E25319 /* SpotifyAPI */; };
		9FF43BA62B758C9A00E25319 /* KeychainAccess in Frameworks */ = {isa = PBXBuildFile; productRef = 9FF43BA52B758C9A00E25319 /* KeychainAccess */; };
		9FF43BAD2B75A74400E25319 /* PlaylistPicker.swift in Sources */ = {isa = PBXBuildFile; fileRef = 9FF43BAC2B75A74400E25319 /* PlaylistPicker.swift */; };
		9FF43BAF2B75B25000E25319 /* PlaylistInfo.swift in Sources */ = {isa = PBXBuildFile; fileRef = 9FF43BAE2B75B25000E25319 /* PlaylistInfo.swift */; };
		9FFFBA072B6C6D9F003D59E8 /* ding x2.wav in Resources */ = {isa = PBXBuildFile; fileRef = 9FFFBA012B6C6D9F003D59E8 /* ding x2.wav */; };
		9FFFBA082B6C6DA0003D59E8 /* alien.wav in Resources */ = {isa = PBXBuildFile; fileRef = 9FFFBA022B6C6D9F003D59E8 /* alien.wav */; };
		9FFFBA092B6C6DA0003D59E8 /* fifteen.wav in Resources */ = {isa = PBXBuildFile; fileRef = 9FFFBA032B6C6D9F003D59E8 /* fifteen.wav */; };
		9FFFBA0A2B6C6DA0003D59E8 /* ring.wav in Resources */ = {isa = PBXBuildFile; fileRef = 9FFFBA042B6C6D9F003D59E8 /* ring.wav */; };
		9FFFBA0B2B6C6DA0003D59E8 /* ding.wav in Resources */ = {isa = PBXBuildFile; fileRef = 9FFFBA052B6C6D9F003D59E8 /* ding.wav */; };
/* End PBXBuildFile section */

/* Begin PBXFileReference section */
		9F243D462B756C4800BC529E /* SpotifyWeb.swift */ = {isa = PBXFileReference; lastKnownFileType = sourcecode.swift; path = SpotifyWeb.swift; sourceTree = "<group>"; };
		9F26480E2B65C9FC00840A01 /* TimerCircleView.swift */ = {isa = PBXFileReference; lastKnownFileType = sourcecode.swift; path = TimerCircleView.swift; sourceTree = "<group>"; };
		9F2648102B65CD0000840A01 /* Interval.swift */ = {isa = PBXFileReference; lastKnownFileType = sourcecode.swift; path = Interval.swift; sourceTree = "<group>"; };
		9F2648122B65D44A00840A01 /* Theme.swift */ = {isa = PBXFileReference; lastKnownFileType = sourcecode.swift; path = Theme.swift; sourceTree = "<group>"; };
		9F2648142B65D59E00840A01 /* TimerDetailView.swift */ = {isa = PBXFileReference; lastKnownFileType = sourcecode.swift; path = TimerDetailView.swift; sourceTree = "<group>"; };
		9F2F8FF82B68290200FF23A0 /* WorkoutTimer.swift */ = {isa = PBXFileReference; lastKnownFileType = sourcecode.swift; path = WorkoutTimer.swift; sourceTree = "<group>"; };
		9F2F8FFC2B68631500FF23A0 /* NewWorkout.swift */ = {isa = PBXFileReference; lastKnownFileType = sourcecode.swift; path = NewWorkout.swift; sourceTree = "<group>"; };
		9F2F8FFE2B686A8000FF23A0 /* IntervalRow.swift */ = {isa = PBXFileReference; lastKnownFileType = sourcecode.swift; path = IntervalRow.swift; sourceTree = "<group>"; };
		9F2F90002B6872A300FF23A0 /* IntervalCycleRow.swift */ = {isa = PBXFileReference; lastKnownFileType = sourcecode.swift; path = IntervalCycleRow.swift; sourceTree = "<group>"; };
		9F48FE152B69619D0052A828 /* IntervalEditView.swift */ = {isa = PBXFileReference; lastKnownFileType = sourcecode.swift; path = IntervalEditView.swift; sourceTree = "<group>"; };
		9F48FE192B6967210052A828 /* WorkoutBarGraphic.swift */ = {isa = PBXFileReference; lastKnownFileType = sourcecode.swift; path = WorkoutBarGraphic.swift; sourceTree = "<group>"; };
		9F48FE1B2B696F910052A828 /* TimePicker.swift */ = {isa = PBXFileReference; lastKnownFileType = sourcecode.swift; path = TimePicker.swift; sourceTree = "<group>"; };
		9F48FE1E2B6978210052A828 /* ColorPicker.swift */ = {isa = PBXFileReference; lastKnownFileType = sourcecode.swift; path = ColorPicker.swift; sourceTree = "<group>"; };
		9F48FE202B697B210052A828 /* SoundPicker.swift */ = {isa = PBXFileReference; lastKnownFileType = sourcecode.swift; path = SoundPicker.swift; sourceTree = "<group>"; };
		9F6456052B729B37000042DA /* SpotifyiOS.framework */ = {isa = PBXFileReference; lastKnownFileType = wrapper.framework; path = SpotifyiOS.framework; sourceTree = "<group>"; };
		9F6456072B729C34000042DA /* Interval-Timer-Info.plist */ = {isa = PBXFileReference; lastKnownFileType = text.plist; path = "Interval-Timer-Info.plist"; sourceTree = SOURCE_ROOT; };
		9F6456082B729E23000042DA /* Interval Timer-Bridging-Header.h */ = {isa = PBXFileReference; lastKnownFileType = sourcecode.c.h; path = "Interval Timer-Bridging-Header.h"; sourceTree = "<group>"; };
		9F64560C2B72A1FE000042DA /* SpotifySDK.swift */ = {isa = PBXFileReference; lastKnownFileType = sourcecode.swift; path = SpotifySDK.swift; sourceTree = "<group>"; };
		9F64560E2B72AD5D000042DA /* SpotifyPlaybackView.swift */ = {isa = PBXFileReference; lastKnownFileType = sourcecode.swift; path = SpotifyPlaybackView.swift; sourceTree = "<group>"; };
		9F66B1B22B6D647900A066F3 /* AVExtensions.swift */ = {isa = PBXFileReference; lastKnownFileType = sourcecode.swift; path = AVExtensions.swift; sourceTree = "<group>"; };
		9F66B1B42B6D655D00A066F3 /* Sound.swift */ = {isa = PBXFileReference; lastKnownFileType = sourcecode.swift; path = Sound.swift; sourceTree = "<group>"; };
		9FB318C52B7AD8C3002371D1 /* Track.swift */ = {isa = PBXFileReference; lastKnownFileType = sourcecode.swift; path = Track.swift; sourceTree = "<group>"; };
		9FBB0E772B61A60B00E3290C /* Interval Timer.app */ = {isa = PBXFileReference; explicitFileType = wrapper.application; includeInIndex = 0; path = "Interval Timer.app"; sourceTree = BUILT_PRODUCTS_DIR; };
		9FBB0E7A2B61A60B00E3290C /* Interval_TimerApp.swift */ = {isa = PBXFileReference; lastKnownFileType = sourcecode.swift; path = Interval_TimerApp.swift; sourceTree = "<group>"; };
		9FBB0E7C2B61A60B00E3290C /* ContentView.swift */ = {isa = PBXFileReference; lastKnownFileType = sourcecode.swift; path = ContentView.swift; sourceTree = "<group>"; };
		9FBB0E7E2B61A60F00E3290C /* Assets.xcassets */ = {isa = PBXFileReference; lastKnownFileType = folder.assetcatalog; path = Assets.xcassets; sourceTree = "<group>"; };
		9FBB0E812B61A60F00E3290C /* Preview Assets.xcassets */ = {isa = PBXFileReference; lastKnownFileType = folder.assetcatalog; path = "Preview Assets.xcassets"; sourceTree = "<group>"; };
		9FBB0E8B2B61A97000E3290C /* workouts.json */ = {isa = PBXFileReference; fileEncoding = 4; lastKnownFileType = text.json; path = workouts.json; sourceTree = "<group>"; };
		9FBB0E8D2B61A99700E3290C /* Workout.swift */ = {isa = PBXFileReference; lastKnownFileType = sourcecode.swift; path = Workout.swift; sourceTree = "<group>"; };
		9FBB0E8F2B61A9A400E3290C /* ModelData.swift */ = {isa = PBXFileReference; lastKnownFileType = sourcecode.swift; path = ModelData.swift; sourceTree = "<group>"; };
		9FBB0E912B61ABE300E3290C /* WorkoutList.swift */ = {isa = PBXFileReference; lastKnownFileType = sourcecode.swift; path = WorkoutList.swift; sourceTree = "<group>"; };
		9FBB0E992B61B1E900E3290C /* WorkoutRow.swift */ = {isa = PBXFileReference; lastKnownFileType = sourcecode.swift; path = WorkoutRow.swift; sourceTree = "<group>"; };
		9FBB0E9C2B61B71000E3290C /* WorkoutDetail.swift */ = {isa = PBXFileReference; lastKnownFileType = sourcecode.swift; path = WorkoutDetail.swift; sourceTree = "<group>"; };
		9FF43BAB2B75996E00E25319 /* Interval-Timer-Info.plist */ = {isa = PBXFileReference; lastKnownFileType = text.plist; path = "Interval-Timer-Info.plist"; sourceTree = SOURCE_ROOT; };
		9FF43BAC2B75A74400E25319 /* PlaylistPicker.swift */ = {isa = PBXFileReference; lastKnownFileType = sourcecode.swift; path = PlaylistPicker.swift; sourceTree = "<group>"; };
		9FF43BAE2B75B25000E25319 /* PlaylistInfo.swift */ = {isa = PBXFileReference; lastKnownFileType = sourcecode.swift; path = PlaylistInfo.swift; sourceTree = "<group>"; };
		9FFFBA012B6C6D9F003D59E8 /* ding x2.wav */ = {isa = PBXFileReference; lastKnownFileType = audio.wav; path = "ding x2.wav"; sourceTree = "<group>"; };
		9FFFBA022B6C6D9F003D59E8 /* alien.wav */ = {isa = PBXFileReference; lastKnownFileType = audio.wav; path = alien.wav; sourceTree = "<group>"; };
		9FFFBA032B6C6D9F003D59E8 /* fifteen.wav */ = {isa = PBXFileReference; lastKnownFileType = audio.wav; path = fifteen.wav; sourceTree = "<group>"; };
		9FFFBA042B6C6D9F003D59E8 /* ring.wav */ = {isa = PBXFileReference; lastKnownFileType = audio.wav; path = ring.wav; sourceTree = "<group>"; };
		9FFFBA052B6C6D9F003D59E8 /* ding.wav */ = {isa = PBXFileReference; lastKnownFileType = audio.wav; path = ding.wav; sourceTree = "<group>"; };
/* End PBXFileReference section */

/* Begin PBXFrameworksBuildPhase section */
		9FBB0E742B61A60B00E3290C /* Frameworks */ = {
			isa = PBXFrameworksBuildPhase;
			buildActionMask = 2147483647;
			files = (
				9FF43BA62B758C9A00E25319 /* KeychainAccess in Frameworks */,
				9FF43B9F2B7580A300E25319 /* SpotifyAPI in Frameworks */,
				9F6456062B729B37000042DA /* SpotifyiOS.framework in Frameworks */,
			);
			runOnlyForDeploymentPostprocessing = 0;
		};
/* End PBXFrameworksBuildPhase section */

/* Begin PBXGroup section */
		9F243D452B756C3100BC529E /* Spotify */ = {
			isa = PBXGroup;
			children = (
				9F64560E2B72AD5D000042DA /* SpotifyPlaybackView.swift */,
				9F64560C2B72A1FE000042DA /* SpotifySDK.swift */,
				9F243D462B756C4800BC529E /* SpotifyWeb.swift */,
				9FB318C52B7AD8C3002371D1 /* Track.swift */,
			);
			path = Spotify;
			sourceTree = "<group>";
		};
		9F48FE182B6966C10052A828 /* CreateRoutine */ = {
			isa = PBXGroup;
			children = (
				9F2F8FFC2B68631500FF23A0 /* NewWorkout.swift */,
				9F2F8FFE2B686A8000FF23A0 /* IntervalRow.swift */,
				9F2F90002B6872A300FF23A0 /* IntervalCycleRow.swift */,
				9F48FE152B69619D0052A828 /* IntervalEditView.swift */,
				9F48FE192B6967210052A828 /* WorkoutBarGraphic.swift */,
			);
			path = CreateRoutine;
			sourceTree = "<group>";
		};
		9F48FE1D2B6977F50052A828 /* Pickers */ = {
			isa = PBXGroup;
			children = (
				9FF43BAC2B75A74400E25319 /* PlaylistPicker.swift */,
				9F48FE1B2B696F910052A828 /* TimePicker.swift */,
				9F48FE1E2B6978210052A828 /* ColorPicker.swift */,
				9F48FE202B697B210052A828 /* SoundPicker.swift */,
			);
			path = Pickers;
			sourceTree = "<group>";
		};
		9F6456042B729B1A000042DA /* Frameworks */ = {
			isa = PBXGroup;
			children = (
				9F6456052B729B37000042DA /* SpotifyiOS.framework */,
			);
			path = Frameworks;
			sourceTree = "<group>";
		};
		9FBB0E6E2B61A60B00E3290C = {
			isa = PBXGroup;
			children = (
				9F6456042B729B1A000042DA /* Frameworks */,
				9FBB0E792B61A60B00E3290C /* Interval Timer */,
				9FBB0E782B61A60B00E3290C /* Products */,
			);
			sourceTree = "<group>";
		};
		9FBB0E782B61A60B00E3290C /* Products */ = {
			isa = PBXGroup;
			children = (
				9FBB0E772B61A60B00E3290C /* Interval Timer.app */,
			);
			name = Products;
			sourceTree = "<group>";
		};
		9FBB0E792B61A60B00E3290C /* Interval Timer */ = {
			isa = PBXGroup;
			children = (
				9FF43BAB2B75996E00E25319 /* Interval-Timer-Info.plist */,
				9FBB0E8A2B61A96000E3290C /* Resources */,
				9F243D452B756C3100BC529E /* Spotify */,
				9FBB0E892B61A62200E3290C /* Views */,
				9FBB0E882B61A61900E3290C /* Model */,
				9F6456072B729C34000042DA /* Interval-Timer-Info.plist */,
				9FBB0E7A2B61A60B00E3290C /* Interval_TimerApp.swift */,
				9FBB0E7C2B61A60B00E3290C /* ContentView.swift */,
				9FBB0E7E2B61A60F00E3290C /* Assets.xcassets */,
				9FBB0E802B61A60F00E3290C /* Preview Content */,
				9F6456082B729E23000042DA /* Interval Timer-Bridging-Header.h */,
			);
			path = "Interval Timer";
			sourceTree = "<group>";
		};
		9FBB0E802B61A60F00E3290C /* Preview Content */ = {
			isa = PBXGroup;
			children = (
				9FBB0E812B61A60F00E3290C /* Preview Assets.xcassets */,
			);
			path = "Preview Content";
			sourceTree = "<group>";
		};
		9FBB0E882B61A61900E3290C /* Model */ = {
			isa = PBXGroup;
			children = (
				9FBB0E8D2B61A99700E3290C /* Workout.swift */,
				9FBB0E8F2B61A9A400E3290C /* ModelData.swift */,
				9F2648102B65CD0000840A01 /* Interval.swift */,
				9F2648122B65D44A00840A01 /* Theme.swift */,
				9F2F8FF82B68290200FF23A0 /* WorkoutTimer.swift */,
				9F66B1B22B6D647900A066F3 /* AVExtensions.swift */,
				9F66B1B42B6D655D00A066F3 /* Sound.swift */,
				9FF43BAE2B75B25000E25319 /* PlaylistInfo.swift */,
			);
			path = Model;
			sourceTree = "<group>";
		};
		9FBB0E892B61A62200E3290C /* Views */ = {
			isa = PBXGroup;
			children = (
				9F48FE1D2B6977F50052A828 /* Pickers */,
				9F48FE182B6966C10052A828 /* CreateRoutine */,
				9FBB0E9B2B61B6DC00E3290C /* Routines */,
				9F26480E2B65C9FC00840A01 /* TimerCircleView.swift */,
				9F2648142B65D59E00840A01 /* TimerDetailView.swift */,
			);
			path = Views;
			sourceTree = "<group>";
		};
		9FBB0E8A2B61A96000E3290C /* Resources */ = {
			isa = PBXGroup;
			children = (
				9FFFBA022B6C6D9F003D59E8 /* alien.wav */,
				9FFFBA012B6C6D9F003D59E8 /* ding x2.wav */,
				9FFFBA052B6C6D9F003D59E8 /* ding.wav */,
				9FFFBA032B6C6D9F003D59E8 /* fifteen.wav */,
				9FFFBA042B6C6D9F003D59E8 /* ring.wav */,
				9FBB0E8B2B61A97000E3290C /* workouts.json */,
			);
			path = Resources;
			sourceTree = "<group>";
		};
		9FBB0E9B2B61B6DC00E3290C /* Routines */ = {
			isa = PBXGroup;
			children = (
				9FBB0E912B61ABE300E3290C /* WorkoutList.swift */,
				9FBB0E992B61B1E900E3290C /* WorkoutRow.swift */,
				9FBB0E9C2B61B71000E3290C /* WorkoutDetail.swift */,
			);
			path = Routines;
			sourceTree = "<group>";
		};
/* End PBXGroup section */

/* Begin PBXNativeTarget section */
		9FBB0E762B61A60B00E3290C /* Interval Timer */ = {
			isa = PBXNativeTarget;
			buildConfigurationList = 9FBB0E852B61A60F00E3290C /* Build configuration list for PBXNativeTarget "Interval Timer" */;
			buildPhases = (
				9FBB0E732B61A60B00E3290C /* Sources */,
				9FBB0E742B61A60B00E3290C /* Frameworks */,
				9FBB0E752B61A60B00E3290C /* Resources */,
			);
			buildRules = (
			);
			dependencies = (
			);
			name = "Interval Timer";
			packageProductDependencies = (
				9FF43B9E2B7580A300E25319 /* SpotifyAPI */,
				9FF43BA52B758C9A00E25319 /* KeychainAccess */,
			);
			productName = "Interval Timer";
			productReference = 9FBB0E772B61A60B00E3290C /* Interval Timer.app */;
			productType = "com.apple.product-type.application";
		};
/* End PBXNativeTarget section */

/* Begin PBXProject section */
		9FBB0E6F2B61A60B00E3290C /* Project object */ = {
			isa = PBXProject;
			attributes = {
				BuildIndependentTargetsInParallel = 1;
				LastSwiftUpdateCheck = 1520;
				LastUpgradeCheck = 1520;
				TargetAttributes = {
					9FBB0E762B61A60B00E3290C = {
						CreatedOnToolsVersion = 15.2;
						LastSwiftMigration = 1520;
					};
				};
			};
			buildConfigurationList = 9FBB0E722B61A60B00E3290C /* Build configuration list for PBXProject "Interval Timer" */;
			compatibilityVersion = "Xcode 14.0";
			developmentRegion = en;
			hasScannedForEncodings = 0;
			knownRegions = (
				en,
				Base,
			);
			mainGroup = 9FBB0E6E2B61A60B00E3290C;
			packageReferences = (
				9FF43B9D2B7580A300E25319 /* XCRemoteSwiftPackageReference "SpotifyAPI" */,
				9FF43BA42B758C9A00E25319 /* XCRemoteSwiftPackageReference "KeychainAccess" */,
			);
			productRefGroup = 9FBB0E782B61A60B00E3290C /* Products */;
			projectDirPath = "";
			projectRoot = "";
			targets = (
				9FBB0E762B61A60B00E3290C /* Interval Timer */,
			);
		};
/* End PBXProject section */

/* Begin PBXResourcesBuildPhase section */
		9FBB0E752B61A60B00E3290C /* Resources */ = {
			isa = PBXResourcesBuildPhase;
			buildActionMask = 2147483647;
			files = (
				9FBB0E8C2B61A97000E3290C /* workouts.json in Resources */,
				9FFFBA0A2B6C6DA0003D59E8 /* ring.wav in Resources */,
				9FBB0E822B61A60F00E3290C /* Preview Assets.xcassets in Resources */,
				9FFFBA092B6C6DA0003D59E8 /* fifteen.wav in Resources */,
				9FBB0E7F2B61A60F00E3290C /* Assets.xcassets in Resources */,
				9FFFBA082B6C6DA0003D59E8 /* alien.wav in Resources */,
				9FFFBA0B2B6C6DA0003D59E8 /* ding.wav in Resources */,
				9FFFBA072B6C6D9F003D59E8 /* ding x2.wav in Resources */,
			);
			runOnlyForDeploymentPostprocessing = 0;
		};
/* End PBXResourcesBuildPhase section */

/* Begin PBXSourcesBuildPhase section */
		9FBB0E732B61A60B00E3290C /* Sources */ = {
			isa = PBXSourcesBuildPhase;
			buildActionMask = 2147483647;
			files = (
				9F2F90012B6872A300FF23A0 /* IntervalCycleRow.swift in Sources */,
				9F243D472B756C4800BC529E /* SpotifyWeb.swift in Sources */,
				9F66B1B52B6D655D00A066F3 /* Sound.swift in Sources */,
				9FBB0E9D2B61B71000E3290C /* WorkoutDetail.swift in Sources */,
				9F64560F2B72AD5D000042DA /* SpotifyPlaybackView.swift in Sources */,
				9FBB0E922B61ABE300E3290C /* WorkoutList.swift in Sources */,
				9F64560D2B72A1FE000042DA /* SpotifySDK.swift in Sources */,
				9FBB0E7D2B61A60B00E3290C /* ContentView.swift in Sources */,
				9FBB0E902B61A9A400E3290C /* ModelData.swift in Sources */,
				9F48FE1A2B6967210052A828 /* WorkoutBarGraphic.swift in Sources */,
				9F48FE1C2B696F910052A828 /* TimePicker.swift in Sources */,
				9FF43BAF2B75B25000E25319 /* PlaylistInfo.swift in Sources */,
				9F48FE212B697B210052A828 /* SoundPicker.swift in Sources */,
				9FBB0E7B2B61A60B00E3290C /* Interval_TimerApp.swift in Sources */,
				9F2648112B65CD0000840A01 /* Interval.swift in Sources */,
				9F66B1B32B6D647900A066F3 /* AVExtensions.swift in Sources */,
				9F48FE162B69619D0052A828 /* IntervalEditView.swift in Sources */,
				9FBB0E9A2B61B1E900E3290C /* WorkoutRow.swift in Sources */,
				9F48FE1F2B6978210052A828 /* ColorPicker.swift in Sources */,
				9F2F8FFD2B68631500FF23A0 /* NewWorkout.swift in Sources */,
				9F2648132B65D44A00840A01 /* Theme.swift in Sources */,
				9F26480F2B65C9FC00840A01 /* TimerCircleView.swift in Sources */,
				9F2F8FF92B68290200FF23A0 /* WorkoutTimer.swift in Sources */,
				9FBB0E8E2B61A99700E3290C /* Workout.swift in Sources */,
				9F2648152B65D59E00840A01 /* TimerDetailView.swift in Sources */,
				9FF43BAD2B75A74400E25319 /* PlaylistPicker.swift in Sources */,
				9F2F8FFF2B686A8000FF23A0 /* IntervalRow.swift in Sources */,
				9FB318C62B7AD8C3002371D1 /* Track.swift in Sources */,
			);
			runOnlyForDeploymentPostprocessing = 0;
		};
/* End PBXSourcesBuildPhase section */

/* Begin XCBuildConfiguration section */
		9FBB0E832B61A60F00E3290C /* Debug */ = {
			isa = XCBuildConfiguration;
			buildSettings = {
				ALWAYS_SEARCH_USER_PATHS = NO;
				ASSETCATALOG_COMPILER_GENERATE_SWIFT_ASSET_SYMBOL_EXTENSIONS = YES;
				CLANG_ANALYZER_NONNULL = YES;
				CLANG_ANALYZER_NUMBER_OBJECT_CONVERSION = YES_AGGRESSIVE;
				CLANG_CXX_LANGUAGE_STANDARD = "gnu++20";
				CLANG_ENABLE_MODULES = YES;
				CLANG_ENABLE_OBJC_ARC = YES;
				CLANG_ENABLE_OBJC_WEAK = YES;
				CLANG_WARN_BLOCK_CAPTURE_AUTORELEASING = YES;
				CLANG_WARN_BOOL_CONVERSION = YES;
				CLANG_WARN_COMMA = YES;
				CLANG_WARN_CONSTANT_CONVERSION = YES;
				CLANG_WARN_DEPRECATED_OBJC_IMPLEMENTATIONS = YES;
				CLANG_WARN_DIRECT_OBJC_ISA_USAGE = YES_ERROR;
				CLANG_WARN_DOCUMENTATION_COMMENTS = YES;
				CLANG_WARN_EMPTY_BODY = YES;
				CLANG_WARN_ENUM_CONVERSION = YES;
				CLANG_WARN_INFINITE_RECURSION = YES;
				CLANG_WARN_INT_CONVERSION = YES;
				CLANG_WARN_NON_LITERAL_NULL_CONVERSION = YES;
				CLANG_WARN_OBJC_IMPLICIT_RETAIN_SELF = YES;
				CLANG_WARN_OBJC_LITERAL_CONVERSION = YES;
				CLANG_WARN_OBJC_ROOT_CLASS = YES_ERROR;
				CLANG_WARN_QUOTED_INCLUDE_IN_FRAMEWORK_HEADER = YES;
				CLANG_WARN_RANGE_LOOP_ANALYSIS = YES;
				CLANG_WARN_STRICT_PROTOTYPES = YES;
				CLANG_WARN_SUSPICIOUS_MOVE = YES;
				CLANG_WARN_UNGUARDED_AVAILABILITY = YES_AGGRESSIVE;
				CLANG_WARN_UNREACHABLE_CODE = YES;
				CLANG_WARN__DUPLICATE_METHOD_MATCH = YES;
				COPY_PHASE_STRIP = NO;
				DEBUG_INFORMATION_FORMAT = dwarf;
				ENABLE_STRICT_OBJC_MSGSEND = YES;
				ENABLE_TESTABILITY = YES;
				ENABLE_USER_SCRIPT_SANDBOXING = YES;
				GCC_C_LANGUAGE_STANDARD = gnu17;
				GCC_DYNAMIC_NO_PIC = NO;
				GCC_NO_COMMON_BLOCKS = YES;
				GCC_OPTIMIZATION_LEVEL = 0;
				GCC_PREPROCESSOR_DEFINITIONS = (
					"DEBUG=1",
					"$(inherited)",
				);
				GCC_WARN_64_TO_32_BIT_CONVERSION = YES;
				GCC_WARN_ABOUT_RETURN_TYPE = YES_ERROR;
				GCC_WARN_UNDECLARED_SELECTOR = YES;
				GCC_WARN_UNINITIALIZED_AUTOS = YES_AGGRESSIVE;
				GCC_WARN_UNUSED_FUNCTION = YES;
				GCC_WARN_UNUSED_VARIABLE = YES;
				IPHONEOS_DEPLOYMENT_TARGET = 17.2;
				LOCALIZATION_PREFERS_STRING_CATALOGS = YES;
				MTL_ENABLE_DEBUG_INFO = INCLUDE_SOURCE;
				MTL_FAST_MATH = YES;
				ONLY_ACTIVE_ARCH = YES;
				SDKROOT = iphoneos;
				SWIFT_ACTIVE_COMPILATION_CONDITIONS = "DEBUG $(inherited)";
				SWIFT_OPTIMIZATION_LEVEL = "-Onone";
			};
			name = Debug;
		};
		9FBB0E842B61A60F00E3290C /* Release */ = {
			isa = XCBuildConfiguration;
			buildSettings = {
				ALWAYS_SEARCH_USER_PATHS = NO;
				ASSETCATALOG_COMPILER_GENERATE_SWIFT_ASSET_SYMBOL_EXTENSIONS = YES;
				CLANG_ANALYZER_NONNULL = YES;
				CLANG_ANALYZER_NUMBER_OBJECT_CONVERSION = YES_AGGRESSIVE;
				CLANG_CXX_LANGUAGE_STANDARD = "gnu++20";
				CLANG_ENABLE_MODULES = YES;
				CLANG_ENABLE_OBJC_ARC = YES;
				CLANG_ENABLE_OBJC_WEAK = YES;
				CLANG_WARN_BLOCK_CAPTURE_AUTORELEASING = YES;
				CLANG_WARN_BOOL_CONVERSION = YES;
				CLANG_WARN_COMMA = YES;
				CLANG_WARN_CONSTANT_CONVERSION = YES;
				CLANG_WARN_DEPRECATED_OBJC_IMPLEMENTATIONS = YES;
				CLANG_WARN_DIRECT_OBJC_ISA_USAGE = YES_ERROR;
				CLANG_WARN_DOCUMENTATION_COMMENTS = YES;
				CLANG_WARN_EMPTY_BODY = YES;
				CLANG_WARN_ENUM_CONVERSION = YES;
				CLANG_WARN_INFINITE_RECURSION = YES;
				CLANG_WARN_INT_CONVERSION = YES;
				CLANG_WARN_NON_LITERAL_NULL_CONVERSION = YES;
				CLANG_WARN_OBJC_IMPLICIT_RETAIN_SELF = YES;
				CLANG_WARN_OBJC_LITERAL_CONVERSION = YES;
				CLANG_WARN_OBJC_ROOT_CLASS = YES_ERROR;
				CLANG_WARN_QUOTED_INCLUDE_IN_FRAMEWORK_HEADER = YES;
				CLANG_WARN_RANGE_LOOP_ANALYSIS = YES;
				CLANG_WARN_STRICT_PROTOTYPES = YES;
				CLANG_WARN_SUSPICIOUS_MOVE = YES;
				CLANG_WARN_UNGUARDED_AVAILABILITY = YES_AGGRESSIVE;
				CLANG_WARN_UNREACHABLE_CODE = YES;
				CLANG_WARN__DUPLICATE_METHOD_MATCH = YES;
				COPY_PHASE_STRIP = NO;
				DEBUG_INFORMATION_FORMAT = "dwarf-with-dsym";
				ENABLE_NS_ASSERTIONS = NO;
				ENABLE_STRICT_OBJC_MSGSEND = YES;
				ENABLE_USER_SCRIPT_SANDBOXING = YES;
				GCC_C_LANGUAGE_STANDARD = gnu17;
				GCC_NO_COMMON_BLOCKS = YES;
				GCC_WARN_64_TO_32_BIT_CONVERSION = YES;
				GCC_WARN_ABOUT_RETURN_TYPE = YES_ERROR;
				GCC_WARN_UNDECLARED_SELECTOR = YES;
				GCC_WARN_UNINITIALIZED_AUTOS = YES_AGGRESSIVE;
				GCC_WARN_UNUSED_FUNCTION = YES;
				GCC_WARN_UNUSED_VARIABLE = YES;
				IPHONEOS_DEPLOYMENT_TARGET = 17.2;
				LOCALIZATION_PREFERS_STRING_CATALOGS = YES;
				MTL_ENABLE_DEBUG_INFO = NO;
				MTL_FAST_MATH = YES;
				SDKROOT = iphoneos;
				SWIFT_COMPILATION_MODE = wholemodule;
				VALIDATE_PRODUCT = YES;
			};
			name = Release;
		};
		9FBB0E862B61A60F00E3290C /* Debug */ = {
			isa = XCBuildConfiguration;
			buildSettings = {
				ASSETCATALOG_COMPILER_APPICON_NAME = AppIcon;
				ASSETCATALOG_COMPILER_GLOBAL_ACCENT_COLOR_NAME = AccentColor;
				CLANG_ENABLE_MODULES = YES;
				CODE_SIGN_STYLE = Automatic;
				CURRENT_PROJECT_VERSION = 1;
				DEVELOPMENT_ASSET_PATHS = "\"Interval Timer/Preview Content\"";
				DEVELOPMENT_TEAM = XSV4GSMY3V;
				ENABLE_PREVIEWS = YES;
				ENABLE_TESTING_SEARCH_PATHS = NO;
				FRAMEWORK_SEARCH_PATHS = (
					"$(inherited)",
					"$(PROJECT_DIR)/Frameworks",
				);
				GENERATE_INFOPLIST_FILE = YES;
				INFOPLIST_FILE = "Interval-Timer-Info.plist";
				INFOPLIST_KEY_UIApplicationSceneManifest_Generation = YES;
				INFOPLIST_KEY_UIApplicationSupportsIndirectInputEvents = YES;
				INFOPLIST_KEY_UILaunchScreen_Generation = YES;
				INFOPLIST_KEY_UISupportedInterfaceOrientations_iPad = "UIInterfaceOrientationPortrait UIInterfaceOrientationPortraitUpsideDown UIInterfaceOrientationLandscapeLeft UIInterfaceOrientationLandscapeRight";
				INFOPLIST_KEY_UISupportedInterfaceOrientations_iPhone = "UIInterfaceOrientationPortrait UIInterfaceOrientationLandscapeLeft UIInterfaceOrientationLandscapeRight";
				IPHONEOS_DEPLOYMENT_TARGET = 17.0;
				LD_RUNPATH_SEARCH_PATHS = (
					"$(inherited)",
					"@executable_path/Frameworks",
				);
				MARKETING_VERSION = 1.0;
				OTHER_LDFLAGS = "-ObjC";
				PRODUCT_BUNDLE_IDENTIFIER = "TripleC.Interval-Timer";
				PRODUCT_NAME = "$(TARGET_NAME)";
				SWIFT_EMIT_LOC_STRINGS = YES;
				SWIFT_OBJC_BRIDGING_HEADER = "Interval Timer/Interval Timer-Bridging-Header.h";
				SWIFT_OPTIMIZATION_LEVEL = "-Onone";
				SWIFT_VERSION = 5.0;
				TARGETED_DEVICE_FAMILY = "1,2";
			};
			name = Debug;
		};
		9FBB0E872B61A60F00E3290C /* Release */ = {
			isa = XCBuildConfiguration;
			buildSettings = {
				ASSETCATALOG_COMPILER_APPICON_NAME = AppIcon;
				ASSETCATALOG_COMPILER_GLOBAL_ACCENT_COLOR_NAME = AccentColor;
				CLANG_ENABLE_MODULES = YES;
				CODE_SIGN_STYLE = Automatic;
				CURRENT_PROJECT_VERSION = 1;
				DEVELOPMENT_ASSET_PATHS = "\"Interval Timer/Preview Content\"";
				DEVELOPMENT_TEAM = XSV4GSMY3V;
				ENABLE_PREVIEWS = YES;
				ENABLE_TESTING_SEARCH_PATHS = NO;
				FRAMEWORK_SEARCH_PATHS = (
					"$(inherited)",
					"$(PROJECT_DIR)/Frameworks",
				);
				GENERATE_INFOPLIST_FILE = YES;
				INFOPLIST_FILE = "Interval-Timer-Info.plist";
				INFOPLIST_KEY_UIApplicationSceneManifest_Generation = YES;
				INFOPLIST_KEY_UIApplicationSupportsIndirectInputEvents = YES;
				INFOPLIST_KEY_UILaunchScreen_Generation = YES;
				INFOPLIST_KEY_UISupportedInterfaceOrientations_iPad = "UIInterfaceOrientationPortrait UIInterfaceOrientationPortraitUpsideDown UIInterfaceOrientationLandscapeLeft UIInterfaceOrientationLandscapeRight";
				INFOPLIST_KEY_UISupportedInterfaceOrientations_iPhone = "UIInterfaceOrientationPortrait UIInterfaceOrientationLandscapeLeft UIInterfaceOrientationLandscapeRight";
				IPHONEOS_DEPLOYMENT_TARGET = 17.0;
				LD_RUNPATH_SEARCH_PATHS = (
					"$(inherited)",
					"@executable_path/Frameworks",
				);
				MARKETING_VERSION = 1.0;
				OTHER_LDFLAGS = "-ObjC";
				PRODUCT_BUNDLE_IDENTIFIER = "TripleC.Interval-Timer";
				PRODUCT_NAME = "$(TARGET_NAME)";
				SWIFT_EMIT_LOC_STRINGS = YES;
				SWIFT_OBJC_BRIDGING_HEADER = "Interval Timer/Interval Timer-Bridging-Header.h";
				SWIFT_VERSION = 5.0;
				TARGETED_DEVICE_FAMILY = "1,2";
			};
			name = Release;
		};
/* End XCBuildConfiguration section */

/* Begin XCConfigurationList section */
		9FBB0E722B61A60B00E3290C /* Build configuration list for PBXProject "Interval Timer" */ = {
			isa = XCConfigurationList;
			buildConfigurations = (
				9FBB0E832B61A60F00E3290C /* Debug */,
				9FBB0E842B61A60F00E3290C /* Release */,
			);
			defaultConfigurationIsVisible = 0;
			defaultConfigurationName = Release;
		};
		9FBB0E852B61A60F00E3290C /* Build configuration list for PBXNativeTarget "Interval Timer" */ = {
			isa = XCConfigurationList;
			buildConfigurations = (
				9FBB0E862B61A60F00E3290C /* Debug */,
				9FBB0E872B61A60F00E3290C /* Release */,
			);
			defaultConfigurationIsVisible = 0;
			defaultConfigurationName = Release;
		};
/* End XCConfigurationList section */

/* Begin XCRemoteSwiftPackageReference section */
		9FF43B9D2B7580A300E25319 /* XCRemoteSwiftPackageReference "SpotifyAPI" */ = {
			isa = XCRemoteSwiftPackageReference;
			repositoryURL = "https://github.com/Peter-Schorn/SpotifyAPI";
			requirement = {
				kind = upToNextMajorVersion;
				minimumVersion = 2.2.4;
			};
		};
		9FF43BA42B758C9A00E25319 /* XCRemoteSwiftPackageReference "KeychainAccess" */ = {
			isa = XCRemoteSwiftPackageReference;
			repositoryURL = "https://github.com/kishikawakatsumi/KeychainAccess";
			requirement = {
				branch = master;
				kind = branch;
			};
		};
/* End XCRemoteSwiftPackageReference section */

/* Begin XCSwiftPackageProductDependency section */
		9FF43B9E2B7580A300E25319 /* SpotifyAPI */ = {
			isa = XCSwiftPackageProductDependency;
			package = 9FF43B9D2B7580A300E25319 /* XCRemoteSwiftPackageReference "SpotifyAPI" */;
			productName = SpotifyAPI;
		};
		9FF43BA52B758C9A00E25319 /* KeychainAccess */ = {
			isa = XCSwiftPackageProductDependency;
			package = 9FF43BA42B758C9A00E25319 /* XCRemoteSwiftPackageReference "KeychainAccess" */;
			productName = KeychainAccess;
		};
/* End XCSwiftPackageProductDependency section */
	};
	rootObject = 9FBB0E6F2B61A60B00E3290C /* Project object */;
}
